
Microsoft Visual Studio Solution File, Format Version 12.00
# Visual Studio Version 16
VisualStudioVersion = 16.0.33801.447
MinimumVisualStudioVersion = 10.0.40219.1
Project("{FAE04EC0-301F-11D3-BF4B-00C04F79EFBC}") = "KShopOnline", "KShopOnline\KShopOnline.csproj", "{1BD08063-FF7C-4A5B-AECA-B89929FA5BA2}"
EndProject
Project("{FAE04EC0-301F-11D3-BF4B-00C04F79EFBC}") = "Models", "Models\Models.csproj", "{A932E89C-5A8A-432D-B640-E9CDE79A1BCE}"
EndProject
Global
	GlobalSection(SolutionConfigurationPlatforms) = preSolution
		Debug|Any CPU = Debug|Any CPU
		Release|Any CPU = Release|Any CPU
	EndGlobalSection
	GlobalSection(ProjectConfigurationPlatforms) = postSolution
		{1BD08063-FF7C-4A5B-AECA-B89929FA5BA2}.Debug|Any CPU.ActiveCfg = Debug|Any CPU
		{1BD08063-FF7C-4A5B-AECA-B89929FA5BA2}.Debug|Any CPU.Build.0 = Debug|Any CPU
		{1BD08063-FF7C-4A5B-AECA-B89929FA5BA2}.Release|Any CPU.ActiveCfg = Release|Any CPU
		{1BD08063-FF7C-4A5B-AECA-B89929FA5BA2}.Release|Any CPU.Build.0 = Release|Any CPU
		{A932E89C-5A8A-432D-B640-E9CDE79A1BCE}.Debug|Any CPU.ActiveCfg = Debug|Any CPU
		{A932E89C-5A8A-432D-B640-E9CDE79A1BCE}.Debug|Any CPU.Build.0 = Debug|Any CPU
		{A932E89C-5A8A-432D-B640-E9CDE79A1BCE}.Release|Any CPU.ActiveCfg = Release|Any CPU
		{A932E89C-5A8A-432D-B640-E9CDE79A1BCE}.Release|Any CPU.Build.0 = Release|Any CPU
	EndGlobalSection
	GlobalSection(SolutionProperties) = preSolution
		HideSolutionNode = FALSE
	EndGlobalSection
	GlobalSection(ExtensibilityGlobals) = postSolution
		SolutionGuid = {1817C7D7-387C-4A78-9EBE-BC52790FD11F}
	EndGlobalSection
EndGlobal
